<?xml version="1.0" encoding="utf-8"?>
<Project ToolsVersion="4.0" xmlns="http://schemas.microsoft.com/developer/msbuild/2003">
  <ItemGroup>
    <ClCompile Include="src\game\game.cpp" />
    <ClCompile Include="src\game\main.cpp" />
    <ClCompile Include="src\dod\MemPool.cpp">
      <Filter>dod</Filter>
    </ClCompile>
    <ClCompile Include="src\game\renderer\instantRenderer.cpp">
      <Filter>game\Renderer</Filter>
    </ClCompile>
    <ClCompile Include="src\game\Inputs.cpp">
      <Filter>game</Filter>
    </ClCompile>
    <ClCompile Include="src\game\EnemiesCore.cpp">
      <Filter>game\Core</Filter>
    </ClCompile>
    <ClCompile Include="src\game\EnemiesGameplay.cpp">
      <Filter>game\Gameplay</Filter>
    </ClCompile>
    <ClCompile Include="src\utils\randomGenerator.cpp">
      <Filter>game\Utils</Filter>
    </ClCompile>
    <ClCompile Include="src\game\MainExecution.cpp">
      <Filter>game\ExecutionBlocks</Filter>
    </ClCompile>
    <ClCompile Include="src\game\BulletsCore.cpp">
      <Filter>game\Core</Filter>
    </ClCompile>
    <ClCompile Include="src\game\CollisionCore.cpp">
      <Filter>game\Core</Filter>
    </ClCompile>
    <ClCompile Include="src\game\BulletsGameplay.cpp">
      <Filter>game\Gameplay</Filter>
    </ClCompile>
    <ClCompile Include="src\game\ObstaclesCore.cpp">
      <Filter>game\Core</Filter>
    </ClCompile>
    <ClCompile Include="src\game\PlayerGameplay.cpp">
      <Filter>game\Gameplay</Filter>
    </ClCompile>
    <ClCompile Include="src\game\Renderer.cpp">
      <Filter>game\CoreGameRender</Filter>
    </ClCompile>
    <ClCompile Include="src\game\SceneRenderer.cpp">
      <Filter>game\GameRender</Filter>
    </ClCompile>
    <ClCompile Include="src\game\GameRender.cpp">
      <Filter>game\GameRender</Filter>
    </ClCompile>
    <ClCompile Include="src\game\ObstaclesGameplay.cpp">
      <Filter>game\Gameplay</Filter>
    </ClCompile>
    <ClCompile Include="src\game\SoundsExecutor.cpp">
      <Filter>game\ExecutionBlocks</Filter>
    </ClCompile>
    <ClCompile Include="src\game\EnemiesExecution.cpp">
      <Filter>game\ExecutionBlocks</Filter>
    </ClCompile>
    <ClCompile Include="src\game\RenderExecutor.cpp">
      <Filter>game\ExecutionBlocks</Filter>
    </ClCompile>
    <ClCompile Include="src\game\ModelsExecutor.cpp">
      <Filter>game\ExecutionBlocks</Filter>
    </ClCompile>
    <ClCompile Include="src\game\EnemiesBulletsExecutor.cpp">
      <Filter>game\ExecutionBlocks</Filter>
    </ClCompile>
    <ClCompile Include="src\game\ObstaclesExecutor.cpp">
      <Filter>game\ExecutionBlocks</Filter>
    </ClCompile>
    <ClCompile Include="src\game\PlayerExecutor.cpp">
      <Filter>game\ExecutionBlocks</Filter>
    </ClCompile>
    <ClCompile Include="src\game\PlayerBulletsExecutor.cpp">
      <Filter>game\ExecutionBlocks</Filter>
    </ClCompile>
  </ItemGroup>
  <ItemGroup>
    <ClInclude Include="src\game\game.h" />
    <ClInclude Include="src\dod\Buffers.h">
      <Filter>dod</Filter>
    </ClInclude>
    <ClInclude Include="src\dod\MemPool.h">
      <Filter>dod</Filter>
    </ClInclude>
    <ClInclude Include="src\dod\MemUtils.h">
      <Filter>dod</Filter>
    </ClInclude>
    <ClInclude Include="src\dod\MemTypes.h">
      <Filter>dod</Filter>
    </ClInclude>
    <ClInclude Include="src\dod\BufferUtils.h">
      <Filter>dod</Filter>
    </ClInclude>
    <ClInclude Include="src\dod\Algorithms.h">
      <Filter>dod</Filter>
    </ClInclude>
    <ClInclude Include="src\dod\ConditionTable.h">
      <Filter>dod</Filter>
    </ClInclude>
    <ClInclude Include="src\game\renderer\instantRenderer.h">
      <Filter>game\Renderer</Filter>
    </ClInclude>
    <ClInclude Include="src\game\Inputs.h">
      <Filter>game</Filter>
    </ClInclude>
    <ClInclude Include="src\game\EnemiesCore.h">
      <Filter>game\Core</Filter>
    </ClInclude>
    <ClInclude Include="src\game\EnemiesGameplay.h">
      <Filter>game\Gameplay</Filter>
    </ClInclude>
    <ClInclude Include="src\game\EnemiesContext.h">
      <Filter>game\Context</Filter>
    </ClInclude>
    <ClInclude Include="src\utils\randomGenerator.h">
      <Filter>game\Utils</Filter>
    </ClInclude>
    <ClInclude Include="src\game\MainExecution.h">
      <Filter>game\ExecutionBlocks</Filter>
    </ClInclude>
    <ClInclude Include="src\game\BulletsCore.h">
      <Filter>game\Core</Filter>
    </ClInclude>
    <ClInclude Include="src\game\CollisionCore.h">
      <Filter>game\Core</Filter>
    </ClInclude>
    <ClInclude Include="src\game\BulletsGameplay.h">
      <Filter>game\Gameplay</Filter>
    </ClInclude>
    <ClInclude Include="src\game\ObstaclesCore.h">
      <Filter>game\Core</Filter>
    </ClInclude>
    <ClInclude Include="src\game\PlayerGameplay.h">
      <Filter>game\Gameplay</Filter>
    </ClInclude>
    <ClInclude Include="src\game\Renderer.h">
      <Filter>game\CoreGameRender</Filter>
    </ClInclude>
    <ClInclude Include="src\game\SceneRenderer.h">
      <Filter>game\GameRender</Filter>
    </ClInclude>
    <ClInclude Include="src\game\GameRender.h">
      <Filter>game\GameRender</Filter>
    </ClInclude>
    <ClInclude Include="src\game\PlayerContext.h">
      <Filter>game\Context</Filter>
    </ClInclude>
    <ClInclude Include="src\game\BulletsContext.h">
      <Filter>game\Context</Filter>
    </ClInclude>
    <ClInclude Include="src\game\ObstaclesContext.h">
      <Filter>game\Context</Filter>
    </ClInclude>
    <ClInclude Include="src\game\CommonContext.h">
      <Filter>game\Context</Filter>
    </ClInclude>
    <ClInclude Include="src\game\ObstaclesGameplay.h">
      <Filter>game\Gameplay</Filter>
    </ClInclude>
    <ClInclude Include="src\game\SceneContext.h">
      <Filter>game\Context</Filter>
    </ClInclude>
    <ClInclude Include="src\dod\SharedContext.h">
      <Filter>dod</Filter>
    </ClInclude>
    <ClInclude Include="src\game\SoundsExecutor.h">
      <Filter>game\ExecutionBlocks</Filter>
    </ClInclude>
    <ClInclude Include="src\game\SoundsSContext.h">
      <Filter>game\Context</Filter>
    </ClInclude>
    <ClInclude Include="src\game\EnemiesExecution.h">
      <Filter>game\ExecutionBlocks</Filter>
    </ClInclude>
    <ClInclude Include="src\game\RenderExecutor.h">
      <Filter>game\ExecutionBlocks</Filter>
    </ClInclude>
    <ClInclude Include="src\game\RenderSharedContext.h">
      <Filter>game\Context</Filter>
    </ClInclude>
    <ClInclude Include="src\game\RenderContext.h">
      <Filter>game\Context</Filter>
    </ClInclude>
    <ClInclude Include="src\game\ModelsSharedContext.h">
      <Filter>game\Context</Filter>
    </ClInclude>
    <ClInclude Include="src\game\ModelsExecutor.h">
      <Filter>game\ExecutionBlocks</Filter>
    </ClInclude>
    <ClInclude Include="src\game\EnemiesBulletsExecutor.h">
      <Filter>game\ExecutionBlocks</Filter>
    </ClInclude>
    <ClInclude Include="src\game\BulletsToSpawnSContext.h">
      <Filter>game\Context</Filter>
    </ClInclude>
    <ClInclude Include="src\game\ObstaclesExecutor.h">
      <Filter>game\ExecutionBlocks</Filter>
    </ClInclude>
    <ClInclude Include="src\game\ObjectsToHitSContext.h">
      <Filter>game\Context</Filter>
    </ClInclude>
    <ClInclude Include="src\game\ObstaclesSContext.h">
      <Filter>game\Context</Filter>
    </ClInclude>
    <ClInclude Include="src\game\PlayerExecutor.h">
      <Filter>game\ExecutionBlocks</Filter>
    </ClInclude>
    <ClInclude Include="src\game\PlayerBulletsExecutor.h">
      <Filter>game\ExecutionBlocks</Filter>
    </ClInclude>
    <ClInclude Include="src\game\UnitsSContext.h">
      <Filter>game\Context</Filter>
    </ClInclude>
    <ClInclude Include="src\game\ApplicationSContext.h">
      <Filter>game\Context</Filter>
    </ClInclude>
  </ItemGroup>
  <ItemGroup>
    <Filter Include="dod">
      <UniqueIdentifier>{cc6887e3-6e26-4cc0-a0bf-3b6654942d1c}</UniqueIdentifier>
    </Filter>
    <Filter Include="game">
      <UniqueIdentifier>{36db5263-f7fc-4bb9-8f1d-c224164488b2}</UniqueIdentifier>
    </Filter>
    <Filter Include="game\Renderer">
      <UniqueIdentifier>{411182a0-7133-47fe-b702-6146fa75473e}</UniqueIdentifier>
    </Filter>
    <Filter Include="game\Core">
      <UniqueIdentifier>{59b469ad-d4a0-464a-acf3-4fa640915d0e}</UniqueIdentifier>
    </Filter>
    <Filter Include="game\Gameplay">
      <UniqueIdentifier>{f05b4461-a316-4e1e-b536-beaf5a464d25}</UniqueIdentifier>
    </Filter>
    <Filter Include="game\Context">
      <UniqueIdentifier>{a5cd2968-d0b3-46d9-9fa1-e21b64d15a0f}</UniqueIdentifier>
    </Filter>
    <Filter Include="game\Utils">
      <UniqueIdentifier>{ff9922f9-acb5-4cbf-bc07-1d8a16f30c2e}</UniqueIdentifier>
    </Filter>
    <Filter Include="game\ExecutionBlocks">
      <UniqueIdentifier>{9528f312-9d8f-4083-9c9d-25ec88635209}</UniqueIdentifier>
    </Filter>
    <Filter Include="game\CoreGameRender">
      <UniqueIdentifier>{8ef4e6e4-3c1b-4d51-a008-99aa992b5463}</UniqueIdentifier>
    </Filter>
    <Filter Include="game\GameRender">
      <UniqueIdentifier>{e76f1b46-286c-4572-b434-e918c10b1456}</UniqueIdentifier>
    </Filter>
    <Filter Include="resources">
      <UniqueIdentifier>{bae64353-dec4-40c8-89c2-52b7a6facef9}</UniqueIdentifier>
    </Filter>
    <Filter Include="resources\contexts">
      <UniqueIdentifier>{58bbf531-7b44-4eed-885a-0b8944452501}</UniqueIdentifier>
    </Filter>
  </ItemGroup>
  <ItemGroup>
    <None Include="resources\contexts\mainContext.json">
      <Filter>resources\contexts</Filter>
    </None>
    <None Include="resources\contexts\enemiesContext.json">
      <Filter>resources\contexts</Filter>
    </None>
    <None Include="resources\contexts\commonContext.json">
      <Filter>resources\contexts</Filter>
    </None>
    <None Include="resources\contexts\rendererContext.json">
      <Filter>resources\contexts</Filter>
    </None>
    <None Include="resources\contexts\sceneContext.json">
      <Filter>resources\contexts</Filter>
    </None>
    <None Include="resources\contexts\enemyBulletsContext.json">
      <Filter>resources\contexts</Filter>
    </None>
    <None Include="resources\contexts\obstaclesContext.json">
      <Filter>resources\contexts</Filter>
    </None>
    <None Include="resources\contexts\playerBulletsContext.json">
      <Filter>resources\contexts</Filter>
    </None>
  </ItemGroup>
</Project>