<?xml version="1.0" encoding="utf-8"?>
<Project ToolsVersion="4.0" xmlns="http://schemas.microsoft.com/developer/msbuild/2003">
  <ItemGroup>
    <ClCompile Include="pch.cpp" />
    <ClCompile Include="engineTests\Buffers.cpp">
      <Filter>engineTests</Filter>
    </ClCompile>
    <ClCompile Include="engineTests\BufferUtils.cpp">
      <Filter>engineTests</Filter>
    </ClCompile>
    <ClCompile Include="engineTests\MemPool.cpp">
      <Filter>engineTests</Filter>
    </ClCompile>
    <ClCompile Include="engineTests\MemUtils.cpp">
      <Filter>engineTests</Filter>
    </ClCompile>
    <ClCompile Include="engineTests\Algorithms.cpp">
      <Filter>engineTests</Filter>
    </ClCompile>
    <ClCompile Include="ConditionsTable.cpp">
      <Filter>engineTests</Filter>
    </ClCompile>
    <ClCompile Include="gameTests\GameRenderer.cpp">
      <Filter>gameTests</Filter>
    </ClCompile>
    <ClCompile Include="gameTests\Mocks\MockInstantRenderer.cpp">
      <Filter>gameTests\Mocks</Filter>
    </ClCompile>
    <ClCompile Include="gameTests\SceneRender.cpp">
      <Filter>gameTests</Filter>
    </ClCompile>
    <ClCompile Include="gameTests\InputsSystem.cpp">
      <Filter>gameTests</Filter>
    </ClCompile>
    <ClCompile Include="gameTests\Enemies.cpp">
      <Filter>gameTests</Filter>
    </ClCompile>
    <ClCompile Include="gameTests\Bullets.cpp">
      <Filter>gameTests</Filter>
    </ClCompile>
    <ClCompile Include="gameTests\Collision.cpp">
      <Filter>gameTests</Filter>
    </ClCompile>
    <ClCompile Include="gameTests\Obstacles.cpp">
      <Filter>gameTests</Filter>
    </ClCompile>
  </ItemGroup>
  <ItemGroup>
    <ClInclude Include="pch.h" />
    <ClInclude Include="gameTests\Mocks\MockInstantRenderer.h">
      <Filter>gameTests\Mocks</Filter>
    </ClInclude>
    <ClInclude Include="gameTests\GameTestsContext.h">
      <Filter>gameTests</Filter>
    </ClInclude>
  </ItemGroup>
  <ItemGroup>
    <None Include="packages.config" />
  </ItemGroup>
  <ItemGroup>
    <Filter Include="engineTests">
      <UniqueIdentifier>{d2b6f377-2fd9-4307-bc28-3d89b1f70b42}</UniqueIdentifier>
    </Filter>
    <Filter Include="gameTests">
      <UniqueIdentifier>{59a6c9e3-acac-4b6d-afd3-07a480e85adc}</UniqueIdentifier>
    </Filter>
    <Filter Include="gameTests\Mocks">
      <UniqueIdentifier>{1e435a83-a38a-4839-b089-1ca7f689db79}</UniqueIdentifier>
    </Filter>
  </ItemGroup>
</Project>